
Microsoft Visual Studio Solution File, Format Version 12.00
# Visual Studio 2013
VisualStudioVersion = 12.0.31101.0
MinimumVisualStudioVersion = 10.0.40219.1
Project("{FAE04EC0-301F-11D3-BF4B-00C04F79EFBC}") = "Critter.Data", "..\SoloMVC\Critter.Data\Critter.Data.csproj", "{3B1F21FC-F9EB-4C5D-985B-AFD1A7B140B3}"
EndProject
Project("{2150E333-8FDC-42A3-9474-1A3956D46DE8}") = "Data", "Data", "{2B779446-7199-41BB-9814-EAE3345E2792}"
EndProject
Project("{FAE04EC0-301F-11D3-BF4B-00C04F79EFBC}") = "Critter.Models", "..\SoloMVC\Critter.Models\Critter.Models.csproj", "{7720293C-D598-4626-983D-F8990FE236B7}"
EndProject
Project("{2150E333-8FDC-42A3-9474-1A3956D46DE8}") = "Web", "Web", "{0846B2BA-FE79-4490-8BD3-7A905C3120EC}"
EndProject
Project("{FAE04EC0-301F-11D3-BF4B-00C04F79EFBC}") = "CritterMVC", "CritterMVC\CritterMVC.csproj", "{3A3EE553-7EA5-4B98-B49E-1F2B3BA0A99D}"
EndProject
Project("{2150E333-8FDC-42A3-9474-1A3956D46DE8}") = "Tests", "Tests", "{A18E5CBE-AC1B-4645-8748-DCC3364D9B3C}"
EndProject
Project("{FAE04EC0-301F-11D3-BF4B-00C04F79EFBC}") = "Tests", "Testis1\Tests.csproj", "{0F0E3835-F440-4A4D-A52D-9BD9FF939F3B}"
EndProject
Global
	GlobalSection(SolutionConfigurationPlatforms) = preSolution
		Debug|Any CPU = Debug|Any CPU
		Release|Any CPU = Release|Any CPU
	EndGlobalSection
	GlobalSection(ProjectConfigurationPlatforms) = postSolution
		{3B1F21FC-F9EB-4C5D-985B-AFD1A7B140B3}.Debug|Any CPU.ActiveCfg = Debug|Any CPU
		{3B1F21FC-F9EB-4C5D-985B-AFD1A7B140B3}.Debug|Any CPU.Build.0 = Debug|Any CPU
		{3B1F21FC-F9EB-4C5D-985B-AFD1A7B140B3}.Release|Any CPU.ActiveCfg = Release|Any CPU
		{3B1F21FC-F9EB-4C5D-985B-AFD1A7B140B3}.Release|Any CPU.Build.0 = Release|Any CPU
		{7720293C-D598-4626-983D-F8990FE236B7}.Debug|Any CPU.ActiveCfg = Debug|Any CPU
		{7720293C-D598-4626-983D-F8990FE236B7}.Debug|Any CPU.Build.0 = Debug|Any CPU
		{7720293C-D598-4626-983D-F8990FE236B7}.Release|Any CPU.ActiveCfg = Release|Any CPU
		{7720293C-D598-4626-983D-F8990FE236B7}.Release|Any CPU.Build.0 = Release|Any CPU
		{3A3EE553-7EA5-4B98-B49E-1F2B3BA0A99D}.Debug|Any CPU.ActiveCfg = Debug|Any CPU
		{3A3EE553-7EA5-4B98-B49E-1F2B3BA0A99D}.Debug|Any CPU.Build.0 = Debug|Any CPU
		{3A3EE553-7EA5-4B98-B49E-1F2B3BA0A99D}.Release|Any CPU.ActiveCfg = Release|Any CPU
		{3A3EE553-7EA5-4B98-B49E-1F2B3BA0A99D}.Release|Any CPU.Build.0 = Release|Any CPU
		{0F0E3835-F440-4A4D-A52D-9BD9FF939F3B}.Debug|Any CPU.ActiveCfg = Debug|Any CPU
		{0F0E3835-F440-4A4D-A52D-9BD9FF939F3B}.Debug|Any CPU.Build.0 = Debug|Any CPU
		{0F0E3835-F440-4A4D-A52D-9BD9FF939F3B}.Release|Any CPU.ActiveCfg = Release|Any CPU
		{0F0E3835-F440-4A4D-A52D-9BD9FF939F3B}.Release|Any CPU.Build.0 = Release|Any CPU
	EndGlobalSection
	GlobalSection(SolutionProperties) = preSolution
		HideSolutionNode = FALSE
	EndGlobalSection
	GlobalSection(NestedProjects) = preSolution
		{3B1F21FC-F9EB-4C5D-985B-AFD1A7B140B3} = {2B779446-7199-41BB-9814-EAE3345E2792}
		{7720293C-D598-4626-983D-F8990FE236B7} = {2B779446-7199-41BB-9814-EAE3345E2792}
		{3A3EE553-7EA5-4B98-B49E-1F2B3BA0A99D} = {0846B2BA-FE79-4490-8BD3-7A905C3120EC}
		{0F0E3835-F440-4A4D-A52D-9BD9FF939F3B} = {A18E5CBE-AC1B-4645-8748-DCC3364D9B3C}
	EndGlobalSection
EndGlobal
